
Microsoft Visual Studio Solution File, Format Version 12.00
# Visual Studio Version 17
VisualStudioVersion = 17.8.34330.188
MinimumVisualStudioVersion = 10.0.40219.1
Project("{FAE04EC0-301F-11D3-BF4B-00C04F79EFBC}") = "GradesProject", "GradesProject\GradesProject.csproj", "{8C4E27AC-9820-4E47-8F0E-9BCF09BDEC38}"
EndProject
Global
	GlobalSection(SolutionConfigurationPlatforms) = preSolution
		Debug|Any CPU = Debug|Any CPU
		Release|Any CPU = Release|Any CPU
	EndGlobalSection
	GlobalSection(ProjectConfigurationPlatforms) = postSolution
		{8C4E27AC-9820-4E47-8F0E-9BCF09BDEC38}.Debug|Any CPU.ActiveCfg = Debug|Any CPU
		{8C4E27AC-9820-4E47-8F0E-9BCF09BDEC38}.Debug|Any CPU.Build.0 = Debug|Any CPU
		{8C4E27AC-9820-4E47-8F0E-9BCF09BDEC38}.Release|Any CPU.ActiveCfg = Release|Any CPU
		{8C4E27AC-9820-4E47-8F0E-9BCF09BDEC38}.Release|Any CPU.Build.0 = Release|Any CPU
	EndGlobalSection
	GlobalSection(SolutionProperties) = preSolution
		HideSolutionNode = FALSE
	EndGlobalSection
	GlobalSection(ExtensibilityGlobals) = postSolution
		SolutionGuid = {55C43EA5-45D3-4FDD-886E-75D9E9B8FC78}
	EndGlobalSection
EndGlobal
